
Microsoft Visual Studio Solution File, Format Version 12.00
# Visual Studio Version 16
VisualStudioVersion = 16.0.31729.503
MinimumVisualStudioVersion = 10.0.40219.1
Project("{FAE04EC0-301F-11D3-BF4B-00C04F79EFBC}") = "Lab5", "Lab5\Lab5.csproj", "{D2DA2F13-6DB6-45FB-9645-FC2BEC26B99E}"
EndProject
Global
	GlobalSection(SolutionConfigurationPlatforms) = preSolution
		Debug|Any CPU = Debug|Any CPU
		Release|Any CPU = Release|Any CPU
	EndGlobalSection
	GlobalSection(ProjectConfigurationPlatforms) = postSolution
		{D2DA2F13-6DB6-45FB-9645-FC2BEC26B99E}.Debug|Any CPU.ActiveCfg = Debug|Any CPU
		{D2DA2F13-6DB6-45FB-9645-FC2BEC26B99E}.Debug|Any CPU.Build.0 = Debug|Any CPU
		{D2DA2F13-6DB6-45FB-9645-FC2BEC26B99E}.Release|Any CPU.ActiveCfg = Release|Any CPU
		{D2DA2F13-6DB6-45FB-9645-FC2BEC26B99E}.Release|Any CPU.Build.0 = Release|Any CPU
	EndGlobalSection
	GlobalSection(SolutionProperties) = preSolution
		HideSolutionNode = FALSE
	EndGlobalSection
	GlobalSection(ExtensibilityGlobals) = postSolution
		SolutionGuid = {EECCD996-CCE6-4900-97B5-D0115584F341}
	EndGlobalSection
EndGlobal
